
Microsoft Visual Studio Solution File, Format Version 12.00
# Visual Studio 15
VisualStudioVersion = 15.0.27130.2036
MinimumVisualStudioVersion = 10.0.40219.1
Project("{2150E333-8FDC-42A3-9474-1A3956D46DE8}") = "Three Layer", "Three Layer", "{BF856A0F-4A4D-401C-A6D2-54438BB43EC5}"
EndProject
Project("{2150E333-8FDC-42A3-9474-1A3956D46DE8}") = "02 ASP.NET", "02 ASP.NET", "{9D5E30CF-CF55-4032-A02D-F7DB9D5B2691}"
EndProject
Project("{2150E333-8FDC-42A3-9474-1A3956D46DE8}") = "01 Net.Core", "01 Net.Core", "{1C4E5758-E195-46A5-85D0-CDE953E9A4D7}"
EndProject
Project("{2150E333-8FDC-42A3-9474-1A3956D46DE8}") = "Three Layer", "Three Layer", "{747D64AA-D6D3-49A3-87ED-71B00437EE33}"
EndProject
Project("{2150E333-8FDC-42A3-9474-1A3956D46DE8}") = "Solution Items", "Solution Items", "{43E520EA-1B6B-4D95-A610-97482EC6081E}"
EndProject
Project("{2150E333-8FDC-42A3-9474-1A3956D46DE8}") = "03 ILoveYou", "03 ILoveYou", "{84745179-0CF1-49ED-914C-82C06C35A434}"
EndProject
Project("{2150E333-8FDC-42A3-9474-1A3956D46DE8}") = "SDK", "SDK", "{E01FDC6C-7A09-49A4-A737-D98088C87023}"
EndProject
Project("{FAE04EC0-301F-11D3-BF4B-00C04F79EFBC}") = "NET.Web.UI", "ASP.NET\NET.Web.UI\NET.Web.UI.csproj", "{BC5CB4EB-5B4A-42D1-A50D-324C536ACD02}"
EndProject
Project("{9A19103F-16F7-4668-BE54-9A1E7A4F7556}") = "BLL", "Net.Core\Three Layer\BLL\BLL.csproj", "{57478380-4417-41FC-8BA8-74761A7DDCA1}"
EndProject
Project("{9A19103F-16F7-4668-BE54-9A1E7A4F7556}") = "DAL", "Net.Core\Three Layer\DAL\DAL.csproj", "{D4EA9601-67E5-4A36-8CC8-FD1A4203EC64}"
EndProject
Project("{9A19103F-16F7-4668-BE54-9A1E7A4F7556}") = "Model", "Net.Core\Three Layer\Model\Model.csproj", "{9C38BB03-72FF-4BA3-BEBE-0C2D402F80ED}"
EndProject
Project("{9A19103F-16F7-4668-BE54-9A1E7A4F7556}") = "Common", "Net.Core\Solution Items\Common\Common.csproj", "{589B5371-AC21-4E30-B350-D5E63080D553}"
EndProject
Project("{9A19103F-16F7-4668-BE54-9A1E7A4F7556}") = "Database", "Net.Core\Solution Items\Database\Database.csproj", "{03096427-4A14-4DA3-91CE-88A329488566}"
EndProject
Project("{9A19103F-16F7-4668-BE54-9A1E7A4F7556}") = "Interface", "Net.Core\Solution Items\Interface\Interface.csproj", "{7C7DE5E6-AD6D-4DB1-9E5C-A34189DF408D}"
EndProject
Project("{9A19103F-16F7-4668-BE54-9A1E7A4F7556}") = "KebueAPI", "Net.Core\KebueAPI\KebueAPI.csproj", "{5B3D9943-337D-43B1-AFED-981A70784643}"
EndProject
Project("{9A19103F-16F7-4668-BE54-9A1E7A4F7556}") = "KebueUI", "Net.Core\src\KebueUI\KebueUI.csproj", "{F76B3958-7C1B-4AA4-8572-574B5D4AEB41}"
EndProject
Project("{FAE04EC0-301F-11D3-BF4B-00C04F79EFBC}") = "NET.Architect", "ASP.NET\Three Layer\NET.Architect\NET.Architect.csproj", "{7865CEF4-57FE-4B90-88D3-DBC124F7BD68}"
EndProject
Project("{FAE04EC0-301F-11D3-BF4B-00C04F79EFBC}") = "NET.BusinessRule", "ASP.NET\Three Layer\NET.BusinessRule\NET.BusinessRule.csproj", "{F9FCF91C-1FA9-4E97-827F-BE7E7776477A}"
EndProject
Project("{FAE04EC0-301F-11D3-BF4B-00C04F79EFBC}") = "NET.DataAccessLayer", "ASP.NET\Three Layer\NET.DataAccessLayer\NET.DataAccessLayer.csproj", "{075A5DF9-12C0-421F-AE84-56AB64CAF012}"
EndProject
Project("{FAE04EC0-301F-11D3-BF4B-00C04F79EFBC}") = "ILove", "ILove\ILove.csproj", "{F203D5D0-8BA1-4F6D-912B-E73EAFD434A1}"
EndProject
Project("{FAE04EC0-301F-11D3-BF4B-00C04F79EFBC}") = "APIRequestServices", "APIRequestServices\APIRequestServices.csproj", "{25CC1F77-2DD9-4200-93EE-47B5F4871038}"
EndProject
Project("{FAE04EC0-301F-11D3-BF4B-00C04F79EFBC}") = "UnitTestProject", "UnitTestProject\UnitTestProject.csproj", "{793E47E1-8853-4276-9979-6854A18DCC86}"
EndProject
Project("{9A19103F-16F7-4668-BE54-9A1E7A4F7556}") = "BaiduSDK", "BaiduSDK\BaiduSDK.csproj", "{2AC06974-8EF2-4013-A5A1-75F9B9062152}"
EndProject
Project("{FAE04EC0-301F-11D3-BF4B-00C04F79EFBC}") = "ProjectBase.Core", "ProjectBase.Core\ProjectBase.Core.csproj", "{2E0698A6-D833-4F85-900F-55407CB3D1A1}"
EndProject
Project("{FAE04EC0-301F-11D3-BF4B-00C04F79EFBC}") = "WebCrawler", "WebCrawler\WebCrawler.csproj", "{97C0AB3B-9E2E-4D27-9948-A775BE29D2C6}"
EndProject
Project("{FAE04EC0-301F-11D3-BF4B-00C04F79EFBC}") = "ConsoleApplication", "ConsoleApplication\ConsoleApplication.csproj", "{9D2F2AA5-853A-4506-BA04-D316EB14EC3B}"
EndProject
Project("{FAE04EC0-301F-11D3-BF4B-00C04F79EFBC}") = "DataBase", "DataBase\DataBase.csproj", "{424D9FFF-C9A7-407D-A957-32DD318CBE32}"
EndProject
Project("{FAE04EC0-301F-11D3-BF4B-00C04F79EFBC}") = "WebApi", "WebApi\WebApi.csproj", "{56758102-8678-422E-8AC0-F76A233CE518}"
EndProject
Project("{FAE04EC0-301F-11D3-BF4B-00C04F79EFBC}") = "WebApi.Tests", "WebApi.Tests\WebApi.Tests.csproj", "{61D2D8DD-3C64-45B7-A68D-1FACC7D0503F}"
EndProject
Project("{FAE04EC0-301F-11D3-BF4B-00C04F79EFBC}") = "PhantomJS", "PhantomJS\PhantomJS.csproj", "{6934C703-A773-4859-A955-32CCF0C7DC21}"
EndProject
Project("{FAE04EC0-301F-11D3-BF4B-00C04F79EFBC}") = "车牌识别系统", "车牌识别系统\车牌识别系统\车牌识别系统.csproj", "{002E48B8-3E83-4347-AEA5-E386CA6A0985}"
EndProject
Project("{FAE04EC0-301F-11D3-BF4B-00C04F79EFBC}") = "线程", "线程\线程.csproj", "{A79B7CC0-CC92-42AD-9AE6-BECCD6E888BB}"
EndProject
Project("{FAE04EC0-301F-11D3-BF4B-00C04F79EFBC}") = "SocketClient", "SocketCient\SocketClient.csproj", "{D2C0ECCC-716F-40FD-910D-F39245923488}"
EndProject
Project("{FAE04EC0-301F-11D3-BF4B-00C04F79EFBC}") = "SocketServices", "SocketServices\SocketServices.csproj", "{7161B92C-F0E4-420D-AFE7-B76942A21DA8}"
EndProject
Project("{FAE04EC0-301F-11D3-BF4B-00C04F79EFBC}") = "WebServices", "WebServices\WebServices.csproj", "{A10CC5D4-4514-488C-96FF-BF346B6A6882}"
EndProject
Global
	GlobalSection(SolutionConfigurationPlatforms) = preSolution
		Debug|Any CPU = Debug|Any CPU
		Debug|x86 = Debug|x86
		Release|Any CPU = Release|Any CPU
		Release|x86 = Release|x86
	EndGlobalSection
	GlobalSection(ProjectConfigurationPlatforms) = postSolution
		{BC5CB4EB-5B4A-42D1-A50D-324C536ACD02}.Debug|Any CPU.ActiveCfg = Debug|Any CPU
		{BC5CB4EB-5B4A-42D1-A50D-324C536ACD02}.Debug|Any CPU.Build.0 = Debug|Any CPU
		{BC5CB4EB-5B4A-42D1-A50D-324C536ACD02}.Debug|x86.ActiveCfg = Debug|Any CPU
		{BC5CB4EB-5B4A-42D1-A50D-324C536ACD02}.Debug|x86.Build.0 = Debug|Any CPU
		{BC5CB4EB-5B4A-42D1-A50D-324C536ACD02}.Release|Any CPU.ActiveCfg = Release|Any CPU
		{BC5CB4EB-5B4A-42D1-A50D-324C536ACD02}.Release|Any CPU.Build.0 = Release|Any CPU
		{BC5CB4EB-5B4A-42D1-A50D-324C536ACD02}.Release|x86.ActiveCfg = Release|Any CPU
		{BC5CB4EB-5B4A-42D1-A50D-324C536ACD02}.Release|x86.Build.0 = Release|Any CPU
		{57478380-4417-41FC-8BA8-74761A7DDCA1}.Debug|Any CPU.ActiveCfg = Debug|Any CPU
		{57478380-4417-41FC-8BA8-74761A7DDCA1}.Debug|Any CPU.Build.0 = Debug|Any CPU
		{57478380-4417-41FC-8BA8-74761A7DDCA1}.Debug|x86.ActiveCfg = Debug|Any CPU
		{57478380-4417-41FC-8BA8-74761A7DDCA1}.Debug|x86.Build.0 = Debug|Any CPU
		{57478380-4417-41FC-8BA8-74761A7DDCA1}.Release|Any CPU.ActiveCfg = Release|Any CPU
		{57478380-4417-41FC-8BA8-74761A7DDCA1}.Release|Any CPU.Build.0 = Release|Any CPU
		{57478380-4417-41FC-8BA8-74761A7DDCA1}.Release|x86.ActiveCfg = Release|Any CPU
		{57478380-4417-41FC-8BA8-74761A7DDCA1}.Release|x86.Build.0 = Release|Any CPU
		{D4EA9601-67E5-4A36-8CC8-FD1A4203EC64}.Debug|Any CPU.ActiveCfg = Debug|Any CPU
		{D4EA9601-67E5-4A36-8CC8-FD1A4203EC64}.Debug|Any CPU.Build.0 = Debug|Any CPU
		{D4EA9601-67E5-4A36-8CC8-FD1A4203EC64}.Debug|x86.ActiveCfg = Debug|Any CPU
		{D4EA9601-67E5-4A36-8CC8-FD1A4203EC64}.Debug|x86.Build.0 = Debug|Any CPU
		{D4EA9601-67E5-4A36-8CC8-FD1A4203EC64}.Release|Any CPU.ActiveCfg = Release|Any CPU
		{D4EA9601-67E5-4A36-8CC8-FD1A4203EC64}.Release|Any CPU.Build.0 = Release|Any CPU
		{D4EA9601-67E5-4A36-8CC8-FD1A4203EC64}.Release|x86.ActiveCfg = Release|Any CPU
		{D4EA9601-67E5-4A36-8CC8-FD1A4203EC64}.Release|x86.Build.0 = Release|Any CPU
		{9C38BB03-72FF-4BA3-BEBE-0C2D402F80ED}.Debug|Any CPU.ActiveCfg = Debug|Any CPU
		{9C38BB03-72FF-4BA3-BEBE-0C2D402F80ED}.Debug|Any CPU.Build.0 = Debug|Any CPU
		{9C38BB03-72FF-4BA3-BEBE-0C2D402F80ED}.Debug|x86.ActiveCfg = Debug|Any CPU
		{9C38BB03-72FF-4BA3-BEBE-0C2D402F80ED}.Debug|x86.Build.0 = Debug|Any CPU
		{9C38BB03-72FF-4BA3-BEBE-0C2D402F80ED}.Release|Any CPU.ActiveCfg = Release|Any CPU
		{9C38BB03-72FF-4BA3-BEBE-0C2D402F80ED}.Release|Any CPU.Build.0 = Release|Any CPU
		{9C38BB03-72FF-4BA3-BEBE-0C2D402F80ED}.Release|x86.ActiveCfg = Release|Any CPU
		{9C38BB03-72FF-4BA3-BEBE-0C2D402F80ED}.Release|x86.Build.0 = Release|Any CPU
		{589B5371-AC21-4E30-B350-D5E63080D553}.Debug|Any CPU.ActiveCfg = Debug|Any CPU
		{589B5371-AC21-4E30-B350-D5E63080D553}.Debug|Any CPU.Build.0 = Debug|Any CPU
		{589B5371-AC21-4E30-B350-D5E63080D553}.Debug|x86.ActiveCfg = Debug|Any CPU
		{589B5371-AC21-4E30-B350-D5E63080D553}.Debug|x86.Build.0 = Debug|Any CPU
		{589B5371-AC21-4E30-B350-D5E63080D553}.Release|Any CPU.ActiveCfg = Release|Any CPU
		{589B5371-AC21-4E30-B350-D5E63080D553}.Release|Any CPU.Build.0 = Release|Any CPU
		{589B5371-AC21-4E30-B350-D5E63080D553}.Release|x86.ActiveCfg = Release|Any CPU
		{589B5371-AC21-4E30-B350-D5E63080D553}.Release|x86.Build.0 = Release|Any CPU
		{03096427-4A14-4DA3-91CE-88A329488566}.Debug|Any CPU.ActiveCfg = Debug|Any CPU
		{03096427-4A14-4DA3-91CE-88A329488566}.Debug|Any CPU.Build.0 = Debug|Any CPU
		{03096427-4A14-4DA3-91CE-88A329488566}.Debug|x86.ActiveCfg = Debug|Any CPU
		{03096427-4A14-4DA3-91CE-88A329488566}.Debug|x86.Build.0 = Debug|Any CPU
		{03096427-4A14-4DA3-91CE-88A329488566}.Release|Any CPU.ActiveCfg = Release|Any CPU
		{03096427-4A14-4DA3-91CE-88A329488566}.Release|Any CPU.Build.0 = Release|Any CPU
		{03096427-4A14-4DA3-91CE-88A329488566}.Release|x86.ActiveCfg = Release|Any CPU
		{03096427-4A14-4DA3-91CE-88A329488566}.Release|x86.Build.0 = Release|Any CPU
		{7C7DE5E6-AD6D-4DB1-9E5C-A34189DF408D}.Debug|Any CPU.ActiveCfg = Debug|Any CPU
		{7C7DE5E6-AD6D-4DB1-9E5C-A34189DF408D}.Debug|Any CPU.Build.0 = Debug|Any CPU
		{7C7DE5E6-AD6D-4DB1-9E5C-A34189DF408D}.Debug|x86.ActiveCfg = Debug|Any CPU
		{7C7DE5E6-AD6D-4DB1-9E5C-A34189DF408D}.Debug|x86.Build.0 = Debug|Any CPU
		{7C7DE5E6-AD6D-4DB1-9E5C-A34189DF408D}.Release|Any CPU.ActiveCfg = Release|Any CPU
		{7C7DE5E6-AD6D-4DB1-9E5C-A34189DF408D}.Release|Any CPU.Build.0 = Release|Any CPU
		{7C7DE5E6-AD6D-4DB1-9E5C-A34189DF408D}.Release|x86.ActiveCfg = Release|Any CPU
		{7C7DE5E6-AD6D-4DB1-9E5C-A34189DF408D}.Release|x86.Build.0 = Release|Any CPU
		{5B3D9943-337D-43B1-AFED-981A70784643}.Debug|Any CPU.ActiveCfg = Debug|Any CPU
		{5B3D9943-337D-43B1-AFED-981A70784643}.Debug|Any CPU.Build.0 = Debug|Any CPU
		{5B3D9943-337D-43B1-AFED-981A70784643}.Debug|x86.ActiveCfg = Debug|Any CPU
		{5B3D9943-337D-43B1-AFED-981A70784643}.Debug|x86.Build.0 = Debug|Any CPU
		{5B3D9943-337D-43B1-AFED-981A70784643}.Release|Any CPU.ActiveCfg = Release|Any CPU
		{5B3D9943-337D-43B1-AFED-981A70784643}.Release|Any CPU.Build.0 = Release|Any CPU
		{5B3D9943-337D-43B1-AFED-981A70784643}.Release|x86.ActiveCfg = Release|Any CPU
		{5B3D9943-337D-43B1-AFED-981A70784643}.Release|x86.Build.0 = Release|Any CPU
		{F76B3958-7C1B-4AA4-8572-574B5D4AEB41}.Debug|Any CPU.ActiveCfg = Debug|Any CPU
		{F76B3958-7C1B-4AA4-8572-574B5D4AEB41}.Debug|Any CPU.Build.0 = Debug|Any CPU
		{F76B3958-7C1B-4AA4-8572-574B5D4AEB41}.Debug|x86.ActiveCfg = Debug|Any CPU
		{F76B3958-7C1B-4AA4-8572-574B5D4AEB41}.Debug|x86.Build.0 = Debug|Any CPU
		{F76B3958-7C1B-4AA4-8572-574B5D4AEB41}.Release|Any CPU.ActiveCfg = Release|Any CPU
		{F76B3958-7C1B-4AA4-8572-574B5D4AEB41}.Release|Any CPU.Build.0 = Release|Any CPU
		{F76B3958-7C1B-4AA4-8572-574B5D4AEB41}.Release|x86.ActiveCfg = Release|Any CPU
		{F76B3958-7C1B-4AA4-8572-574B5D4AEB41}.Release|x86.Build.0 = Release|Any CPU
		{7865CEF4-57FE-4B90-88D3-DBC124F7BD68}.Debug|Any CPU.ActiveCfg = Debug|Any CPU
		{7865CEF4-57FE-4B90-88D3-DBC124F7BD68}.Debug|Any CPU.Build.0 = Debug|Any CPU
		{7865CEF4-57FE-4B90-88D3-DBC124F7BD68}.Debug|x86.ActiveCfg = Debug|Any CPU
		{7865CEF4-57FE-4B90-88D3-DBC124F7BD68}.Debug|x86.Build.0 = Debug|Any CPU
		{7865CEF4-57FE-4B90-88D3-DBC124F7BD68}.Release|Any CPU.ActiveCfg = Release|Any CPU
		{7865CEF4-57FE-4B90-88D3-DBC124F7BD68}.Release|Any CPU.Build.0 = Release|Any CPU
		{7865CEF4-57FE-4B90-88D3-DBC124F7BD68}.Release|x86.ActiveCfg = Release|Any CPU
		{7865CEF4-57FE-4B90-88D3-DBC124F7BD68}.Release|x86.Build.0 = Release|Any CPU
		{F9FCF91C-1FA9-4E97-827F-BE7E7776477A}.Debug|Any CPU.ActiveCfg = Debug|Any CPU
		{F9FCF91C-1FA9-4E97-827F-BE7E7776477A}.Debug|Any CPU.Build.0 = Debug|Any CPU
		{F9FCF91C-1FA9-4E97-827F-BE7E7776477A}.Debug|x86.ActiveCfg = Debug|Any CPU
		{F9FCF91C-1FA9-4E97-827F-BE7E7776477A}.Debug|x86.Build.0 = Debug|Any CPU
		{F9FCF91C-1FA9-4E97-827F-BE7E7776477A}.Release|Any CPU.ActiveCfg = Release|Any CPU
		{F9FCF91C-1FA9-4E97-827F-BE7E7776477A}.Release|Any CPU.Build.0 = Release|Any CPU
		{F9FCF91C-1FA9-4E97-827F-BE7E7776477A}.Release|x86.ActiveCfg = Release|Any CPU
		{F9FCF91C-1FA9-4E97-827F-BE7E7776477A}.Release|x86.Build.0 = Release|Any CPU
		{075A5DF9-12C0-421F-AE84-56AB64CAF012}.Debug|Any CPU.ActiveCfg = Debug|Any CPU
		{075A5DF9-12C0-421F-AE84-56AB64CAF012}.Debug|Any CPU.Build.0 = Debug|Any CPU
		{075A5DF9-12C0-421F-AE84-56AB64CAF012}.Debug|x86.ActiveCfg = Debug|Any CPU
		{075A5DF9-12C0-421F-AE84-56AB64CAF012}.Debug|x86.Build.0 = Debug|Any CPU
		{075A5DF9-12C0-421F-AE84-56AB64CAF012}.Release|Any CPU.ActiveCfg = Release|Any CPU
		{075A5DF9-12C0-421F-AE84-56AB64CAF012}.Release|Any CPU.Build.0 = Release|Any CPU
		{075A5DF9-12C0-421F-AE84-56AB64CAF012}.Release|x86.ActiveCfg = Release|Any CPU
		{075A5DF9-12C0-421F-AE84-56AB64CAF012}.Release|x86.Build.0 = Release|Any CPU
		{F203D5D0-8BA1-4F6D-912B-E73EAFD434A1}.Debug|Any CPU.ActiveCfg = Debug|Any CPU
		{F203D5D0-8BA1-4F6D-912B-E73EAFD434A1}.Debug|Any CPU.Build.0 = Debug|Any CPU
		{F203D5D0-8BA1-4F6D-912B-E73EAFD434A1}.Debug|x86.ActiveCfg = Debug|Any CPU
		{F203D5D0-8BA1-4F6D-912B-E73EAFD434A1}.Debug|x86.Build.0 = Debug|Any CPU
		{F203D5D0-8BA1-4F6D-912B-E73EAFD434A1}.Release|Any CPU.ActiveCfg = Release|Any CPU
		{F203D5D0-8BA1-4F6D-912B-E73EAFD434A1}.Release|Any CPU.Build.0 = Release|Any CPU
		{F203D5D0-8BA1-4F6D-912B-E73EAFD434A1}.Release|x86.ActiveCfg = Release|Any CPU
		{F203D5D0-8BA1-4F6D-912B-E73EAFD434A1}.Release|x86.Build.0 = Release|Any CPU
		{25CC1F77-2DD9-4200-93EE-47B5F4871038}.Debug|Any CPU.ActiveCfg = Debug|Any CPU
		{25CC1F77-2DD9-4200-93EE-47B5F4871038}.Debug|Any CPU.Build.0 = Debug|Any CPU
		{25CC1F77-2DD9-4200-93EE-47B5F4871038}.Debug|x86.ActiveCfg = Debug|Any CPU
		{25CC1F77-2DD9-4200-93EE-47B5F4871038}.Debug|x86.Build.0 = Debug|Any CPU
		{25CC1F77-2DD9-4200-93EE-47B5F4871038}.Release|Any CPU.ActiveCfg = Release|Any CPU
		{25CC1F77-2DD9-4200-93EE-47B5F4871038}.Release|Any CPU.Build.0 = Release|Any CPU
		{25CC1F77-2DD9-4200-93EE-47B5F4871038}.Release|x86.ActiveCfg = Release|Any CPU
		{25CC1F77-2DD9-4200-93EE-47B5F4871038}.Release|x86.Build.0 = Release|Any CPU
		{793E47E1-8853-4276-9979-6854A18DCC86}.Debug|Any CPU.ActiveCfg = Debug|Any CPU
		{793E47E1-8853-4276-9979-6854A18DCC86}.Debug|Any CPU.Build.0 = Debug|Any CPU
		{793E47E1-8853-4276-9979-6854A18DCC86}.Debug|x86.ActiveCfg = Debug|Any CPU
		{793E47E1-8853-4276-9979-6854A18DCC86}.Debug|x86.Build.0 = Debug|Any CPU
		{793E47E1-8853-4276-9979-6854A18DCC86}.Release|Any CPU.ActiveCfg = Release|Any CPU
		{793E47E1-8853-4276-9979-6854A18DCC86}.Release|Any CPU.Build.0 = Release|Any CPU
		{793E47E1-8853-4276-9979-6854A18DCC86}.Release|x86.ActiveCfg = Release|Any CPU
		{793E47E1-8853-4276-9979-6854A18DCC86}.Release|x86.Build.0 = Release|Any CPU
		{2AC06974-8EF2-4013-A5A1-75F9B9062152}.Debug|Any CPU.ActiveCfg = Debug|Any CPU
		{2AC06974-8EF2-4013-A5A1-75F9B9062152}.Debug|Any CPU.Build.0 = Debug|Any CPU
		{2AC06974-8EF2-4013-A5A1-75F9B9062152}.Debug|x86.ActiveCfg = Debug|Any CPU
		{2AC06974-8EF2-4013-A5A1-75F9B9062152}.Debug|x86.Build.0 = Debug|Any CPU
		{2AC06974-8EF2-4013-A5A1-75F9B9062152}.Release|Any CPU.ActiveCfg = Release|Any CPU
		{2AC06974-8EF2-4013-A5A1-75F9B9062152}.Release|Any CPU.Build.0 = Release|Any CPU
		{2AC06974-8EF2-4013-A5A1-75F9B9062152}.Release|x86.ActiveCfg = Release|Any CPU
		{2AC06974-8EF2-4013-A5A1-75F9B9062152}.Release|x86.Build.0 = Release|Any CPU
		{2E0698A6-D833-4F85-900F-55407CB3D1A1}.Debug|Any CPU.ActiveCfg = Debug|Any CPU
		{2E0698A6-D833-4F85-900F-55407CB3D1A1}.Debug|Any CPU.Build.0 = Debug|Any CPU
		{2E0698A6-D833-4F85-900F-55407CB3D1A1}.Debug|x86.ActiveCfg = Debug|Any CPU
		{2E0698A6-D833-4F85-900F-55407CB3D1A1}.Debug|x86.Build.0 = Debug|Any CPU
		{2E0698A6-D833-4F85-900F-55407CB3D1A1}.Release|Any CPU.ActiveCfg = Release|Any CPU
		{2E0698A6-D833-4F85-900F-55407CB3D1A1}.Release|Any CPU.Build.0 = Release|Any CPU
		{2E0698A6-D833-4F85-900F-55407CB3D1A1}.Release|x86.ActiveCfg = Release|Any CPU
		{2E0698A6-D833-4F85-900F-55407CB3D1A1}.Release|x86.Build.0 = Release|Any CPU
		{97C0AB3B-9E2E-4D27-9948-A775BE29D2C6}.Debug|Any CPU.ActiveCfg = Debug|Any CPU
		{97C0AB3B-9E2E-4D27-9948-A775BE29D2C6}.Debug|Any CPU.Build.0 = Debug|Any CPU
		{97C0AB3B-9E2E-4D27-9948-A775BE29D2C6}.Debug|x86.ActiveCfg = Debug|Any CPU
		{97C0AB3B-9E2E-4D27-9948-A775BE29D2C6}.Debug|x86.Build.0 = Debug|Any CPU
		{97C0AB3B-9E2E-4D27-9948-A775BE29D2C6}.Release|Any CPU.ActiveCfg = Release|Any CPU
		{97C0AB3B-9E2E-4D27-9948-A775BE29D2C6}.Release|Any CPU.Build.0 = Release|Any CPU
		{97C0AB3B-9E2E-4D27-9948-A775BE29D2C6}.Release|x86.ActiveCfg = Release|Any CPU
		{97C0AB3B-9E2E-4D27-9948-A775BE29D2C6}.Release|x86.Build.0 = Release|Any CPU
		{9D2F2AA5-853A-4506-BA04-D316EB14EC3B}.Debug|Any CPU.ActiveCfg = Debug|Any CPU
		{9D2F2AA5-853A-4506-BA04-D316EB14EC3B}.Debug|Any CPU.Build.0 = Debug|Any CPU
		{9D2F2AA5-853A-4506-BA04-D316EB14EC3B}.Debug|x86.ActiveCfg = Debug|Any CPU
		{9D2F2AA5-853A-4506-BA04-D316EB14EC3B}.Debug|x86.Build.0 = Debug|Any CPU
		{9D2F2AA5-853A-4506-BA04-D316EB14EC3B}.Release|Any CPU.ActiveCfg = Release|Any CPU
		{9D2F2AA5-853A-4506-BA04-D316EB14EC3B}.Release|Any CPU.Build.0 = Release|Any CPU
		{9D2F2AA5-853A-4506-BA04-D316EB14EC3B}.Release|x86.ActiveCfg = Release|Any CPU
		{9D2F2AA5-853A-4506-BA04-D316EB14EC3B}.Release|x86.Build.0 = Release|Any CPU
		{424D9FFF-C9A7-407D-A957-32DD318CBE32}.Debug|Any CPU.ActiveCfg = Debug|Any CPU
		{424D9FFF-C9A7-407D-A957-32DD318CBE32}.Debug|Any CPU.Build.0 = Debug|Any CPU
		{424D9FFF-C9A7-407D-A957-32DD318CBE32}.Debug|x86.ActiveCfg = Debug|Any CPU
		{424D9FFF-C9A7-407D-A957-32DD318CBE32}.Debug|x86.Build.0 = Debug|Any CPU
		{424D9FFF-C9A7-407D-A957-32DD318CBE32}.Release|Any CPU.ActiveCfg = Release|Any CPU
		{424D9FFF-C9A7-407D-A957-32DD318CBE32}.Release|Any CPU.Build.0 = Release|Any CPU
		{424D9FFF-C9A7-407D-A957-32DD318CBE32}.Release|x86.ActiveCfg = Release|Any CPU
		{424D9FFF-C9A7-407D-A957-32DD318CBE32}.Release|x86.Build.0 = Release|Any CPU
		{56758102-8678-422E-8AC0-F76A233CE518}.Debug|Any CPU.ActiveCfg = Debug|Any CPU
		{56758102-8678-422E-8AC0-F76A233CE518}.Debug|Any CPU.Build.0 = Debug|Any CPU
		{56758102-8678-422E-8AC0-F76A233CE518}.Debug|x86.ActiveCfg = Debug|Any CPU
		{56758102-8678-422E-8AC0-F76A233CE518}.Debug|x86.Build.0 = Debug|Any CPU
		{56758102-8678-422E-8AC0-F76A233CE518}.Release|Any CPU.ActiveCfg = Release|Any CPU
		{56758102-8678-422E-8AC0-F76A233CE518}.Release|Any CPU.Build.0 = Release|Any CPU
		{56758102-8678-422E-8AC0-F76A233CE518}.Release|x86.ActiveCfg = Release|Any CPU
		{56758102-8678-422E-8AC0-F76A233CE518}.Release|x86.Build.0 = Release|Any CPU
		{61D2D8DD-3C64-45B7-A68D-1FACC7D0503F}.Debug|Any CPU.ActiveCfg = Debug|Any CPU
		{61D2D8DD-3C64-45B7-A68D-1FACC7D0503F}.Debug|Any CPU.Build.0 = Debug|Any CPU
		{61D2D8DD-3C64-45B7-A68D-1FACC7D0503F}.Debug|x86.ActiveCfg = Debug|Any CPU
		{61D2D8DD-3C64-45B7-A68D-1FACC7D0503F}.Debug|x86.Build.0 = Debug|Any CPU
		{61D2D8DD-3C64-45B7-A68D-1FACC7D0503F}.Release|Any CPU.ActiveCfg = Release|Any CPU
		{61D2D8DD-3C64-45B7-A68D-1FACC7D0503F}.Release|Any CPU.Build.0 = Release|Any CPU
		{61D2D8DD-3C64-45B7-A68D-1FACC7D0503F}.Release|x86.ActiveCfg = Release|Any CPU
		{61D2D8DD-3C64-45B7-A68D-1FACC7D0503F}.Release|x86.Build.0 = Release|Any CPU
		{6934C703-A773-4859-A955-32CCF0C7DC21}.Debug|Any CPU.ActiveCfg = Debug|Any CPU
		{6934C703-A773-4859-A955-32CCF0C7DC21}.Debug|Any CPU.Build.0 = Debug|Any CPU
		{6934C703-A773-4859-A955-32CCF0C7DC21}.Debug|x86.ActiveCfg = Debug|Any CPU
		{6934C703-A773-4859-A955-32CCF0C7DC21}.Debug|x86.Build.0 = Debug|Any CPU
		{6934C703-A773-4859-A955-32CCF0C7DC21}.Release|Any CPU.ActiveCfg = Release|Any CPU
		{6934C703-A773-4859-A955-32CCF0C7DC21}.Release|Any CPU.Build.0 = Release|Any CPU
		{6934C703-A773-4859-A955-32CCF0C7DC21}.Release|x86.ActiveCfg = Release|Any CPU
		{6934C703-A773-4859-A955-32CCF0C7DC21}.Release|x86.Build.0 = Release|Any CPU
		{002E48B8-3E83-4347-AEA5-E386CA6A0985}.Debug|Any CPU.ActiveCfg = Debug|x86
		{002E48B8-3E83-4347-AEA5-E386CA6A0985}.Debug|x86.ActiveCfg = Debug|x86
		{002E48B8-3E83-4347-AEA5-E386CA6A0985}.Debug|x86.Build.0 = Debug|x86
		{002E48B8-3E83-4347-AEA5-E386CA6A0985}.Release|Any CPU.ActiveCfg = Release|x86
		{002E48B8-3E83-4347-AEA5-E386CA6A0985}.Release|x86.ActiveCfg = Release|x86
		{002E48B8-3E83-4347-AEA5-E386CA6A0985}.Release|x86.Build.0 = Release|x86
		{A79B7CC0-CC92-42AD-9AE6-BECCD6E888BB}.Debug|Any CPU.ActiveCfg = Debug|Any CPU
		{A79B7CC0-CC92-42AD-9AE6-BECCD6E888BB}.Debug|Any CPU.Build.0 = Debug|Any CPU
		{A79B7CC0-CC92-42AD-9AE6-BECCD6E888BB}.Debug|x86.ActiveCfg = Debug|Any CPU
		{A79B7CC0-CC92-42AD-9AE6-BECCD6E888BB}.Debug|x86.Build.0 = Debug|Any CPU
		{A79B7CC0-CC92-42AD-9AE6-BECCD6E888BB}.Release|Any CPU.ActiveCfg = Release|Any CPU
		{A79B7CC0-CC92-42AD-9AE6-BECCD6E888BB}.Release|Any CPU.Build.0 = Release|Any CPU
		{A79B7CC0-CC92-42AD-9AE6-BECCD6E888BB}.Release|x86.ActiveCfg = Release|Any CPU
		{A79B7CC0-CC92-42AD-9AE6-BECCD6E888BB}.Release|x86.Build.0 = Release|Any CPU
		{D2C0ECCC-716F-40FD-910D-F39245923488}.Debug|Any CPU.ActiveCfg = Debug|Any CPU
		{D2C0ECCC-716F-40FD-910D-F39245923488}.Debug|Any CPU.Build.0 = Debug|Any CPU
		{D2C0ECCC-716F-40FD-910D-F39245923488}.Debug|x86.ActiveCfg = Debug|Any CPU
		{D2C0ECCC-716F-40FD-910D-F39245923488}.Debug|x86.Build.0 = Debug|Any CPU
		{D2C0ECCC-716F-40FD-910D-F39245923488}.Release|Any CPU.ActiveCfg = Release|Any CPU
		{D2C0ECCC-716F-40FD-910D-F39245923488}.Release|Any CPU.Build.0 = Release|Any CPU
		{D2C0ECCC-716F-40FD-910D-F39245923488}.Release|x86.ActiveCfg = Release|Any CPU
		{D2C0ECCC-716F-40FD-910D-F39245923488}.Release|x86.Build.0 = Release|Any CPU
		{7161B92C-F0E4-420D-AFE7-B76942A21DA8}.Debug|Any CPU.ActiveCfg = Debug|Any CPU
		{7161B92C-F0E4-420D-AFE7-B76942A21DA8}.Debug|Any CPU.Build.0 = Debug|Any CPU
		{7161B92C-F0E4-420D-AFE7-B76942A21DA8}.Debug|x86.ActiveCfg = Debug|Any CPU
		{7161B92C-F0E4-420D-AFE7-B76942A21DA8}.Debug|x86.Build.0 = Debug|Any CPU
		{7161B92C-F0E4-420D-AFE7-B76942A21DA8}.Release|Any CPU.ActiveCfg = Release|Any CPU
		{7161B92C-F0E4-420D-AFE7-B76942A21DA8}.Release|Any CPU.Build.0 = Release|Any CPU
		{7161B92C-F0E4-420D-AFE7-B76942A21DA8}.Release|x86.ActiveCfg = Release|Any CPU
		{7161B92C-F0E4-420D-AFE7-B76942A21DA8}.Release|x86.Build.0 = Release|Any CPU
		{A10CC5D4-4514-488C-96FF-BF346B6A6882}.Debug|Any CPU.ActiveCfg = Debug|Any CPU
		{A10CC5D4-4514-488C-96FF-BF346B6A6882}.Debug|Any CPU.Build.0 = Debug|Any CPU
		{A10CC5D4-4514-488C-96FF-BF346B6A6882}.Debug|x86.ActiveCfg = Debug|Any CPU
		{A10CC5D4-4514-488C-96FF-BF346B6A6882}.Debug|x86.Build.0 = Debug|Any CPU
		{A10CC5D4-4514-488C-96FF-BF346B6A6882}.Release|Any CPU.ActiveCfg = Release|Any CPU
		{A10CC5D4-4514-488C-96FF-BF346B6A6882}.Release|Any CPU.Build.0 = Release|Any CPU
		{A10CC5D4-4514-488C-96FF-BF346B6A6882}.Release|x86.ActiveCfg = Release|Any CPU
		{A10CC5D4-4514-488C-96FF-BF346B6A6882}.Release|x86.Build.0 = Release|Any CPU
	EndGlobalSection
	GlobalSection(SolutionProperties) = preSolution
		HideSolutionNode = FALSE
	EndGlobalSection
	GlobalSection(NestedProjects) = preSolution
		{BF856A0F-4A4D-401C-A6D2-54438BB43EC5} = {1C4E5758-E195-46A5-85D0-CDE953E9A4D7}
		{747D64AA-D6D3-49A3-87ED-71B00437EE33} = {9D5E30CF-CF55-4032-A02D-F7DB9D5B2691}
		{43E520EA-1B6B-4D95-A610-97482EC6081E} = {1C4E5758-E195-46A5-85D0-CDE953E9A4D7}
		{E01FDC6C-7A09-49A4-A737-D98088C87023} = {1C4E5758-E195-46A5-85D0-CDE953E9A4D7}
		{BC5CB4EB-5B4A-42D1-A50D-324C536ACD02} = {9D5E30CF-CF55-4032-A02D-F7DB9D5B2691}
		{57478380-4417-41FC-8BA8-74761A7DDCA1} = {BF856A0F-4A4D-401C-A6D2-54438BB43EC5}
		{D4EA9601-67E5-4A36-8CC8-FD1A4203EC64} = {BF856A0F-4A4D-401C-A6D2-54438BB43EC5}
		{9C38BB03-72FF-4BA3-BEBE-0C2D402F80ED} = {BF856A0F-4A4D-401C-A6D2-54438BB43EC5}
		{589B5371-AC21-4E30-B350-D5E63080D553} = {43E520EA-1B6B-4D95-A610-97482EC6081E}
		{03096427-4A14-4DA3-91CE-88A329488566} = {43E520EA-1B6B-4D95-A610-97482EC6081E}
		{7C7DE5E6-AD6D-4DB1-9E5C-A34189DF408D} = {43E520EA-1B6B-4D95-A610-97482EC6081E}
		{5B3D9943-337D-43B1-AFED-981A70784643} = {1C4E5758-E195-46A5-85D0-CDE953E9A4D7}
		{F76B3958-7C1B-4AA4-8572-574B5D4AEB41} = {1C4E5758-E195-46A5-85D0-CDE953E9A4D7}
		{7865CEF4-57FE-4B90-88D3-DBC124F7BD68} = {747D64AA-D6D3-49A3-87ED-71B00437EE33}
		{F9FCF91C-1FA9-4E97-827F-BE7E7776477A} = {747D64AA-D6D3-49A3-87ED-71B00437EE33}
		{075A5DF9-12C0-421F-AE84-56AB64CAF012} = {747D64AA-D6D3-49A3-87ED-71B00437EE33}
		{F203D5D0-8BA1-4F6D-912B-E73EAFD434A1} = {84745179-0CF1-49ED-914C-82C06C35A434}
		{25CC1F77-2DD9-4200-93EE-47B5F4871038} = {747D64AA-D6D3-49A3-87ED-71B00437EE33}
		{2AC06974-8EF2-4013-A5A1-75F9B9062152} = {E01FDC6C-7A09-49A4-A737-D98088C87023}
	EndGlobalSection
	GlobalSection(ExtensibilityGlobals) = postSolution
		SolutionGuid = {0A98FF8B-C9FB-47B5-9DAE-1A6A9F01045B}
	EndGlobalSection
EndGlobal
